github.com/aws/aws-sdk-go v1.19.15 h1:Ov8zxPunHxZFxrXBarqzkZBSZugJRzPgb4mfq/SyVgA=
github.com/aws/aws-sdk-go v1.19.15/go.mod h1:KmX6BPdI08NWTb3/sm4ZGu5ShLoqVDhKgpiN924inxo=
github.com/cjbassi/drawille-go v0.0.0-20190126131713-27dc511fe6fd h1:XtfPmj9tQRilnrEmI1HjQhxXWRhEM+m8CACtaMJE/kM=
github.com/cjbassi/drawille-go v0.0.0-20190126131713-27dc511fe6fd/go.mod h1:vjcQJUZJYD3MeVGhtZXSMnCHfUNZxsyYzJt90eCYxK4=
github.com/disintegration/gift v1.2.0 h1:VMQeei2F+ZtsHjMgP6Sdt1kFjRhs2lGz8ljEOPeIR50=
github.com/disintegration/gift v1.2.0/go.mod h1:Jh2i7f7Q2BM7Ezno3PhfezbR1xpUg9dUg3/RlKGr4HI=
github.com/gizak/termui/v3 v3.0.0 h1:NYTUG6ig/sJK05O5FyhWemwlVPO8ilNpvS/PgRtrKAE=
github.com/gizak/termui/v3 v3.0.0/go.mod h1:uinu2dMdtMI+FTIdEFUJQT5y+KShnhQRshvPblXq3lY=
github.com/inconshreveable/mousetrap v1.0.0 h1:Z8tu5sraLXCXIcARxBp/8cbvlwVa7Z1NHg9XEKhtSvM=
github.com/inconshreveable/mousetrap v1.0.0/go.mod h1:PxqpIevigyE2G7u3NXJIT2ANytuPF1OarO4DADm73n8=
github.com/jmespath/go-jmespath v0.0.0-20180206201540-c2b33e8439af h1:pmfjZENx5imkbgOkpRUYLnmbU7UEFbjtDA2hxJ1ichM=
github.com/jmespath/go-jmespath v0.0.0-20180206201540-c2b33e8439af/go.mod h1:Nht3zPeWKUH0NzdCt2Blrr5ys8VGpn0CEB0cQHVjt7k=
github.com/mattn/go-runewidth v0.0.2 h1:UnlwIPBGaTZfPQ6T1IGzPI0EkYAQmT9fAEJ/poFC63o=
github.com/mattn/go-runewidth v0.0.2/go.mod h1:LwmH8dsx7+W8Uxz3IHJYH5QSwggIsqBzpuz5H//U1FU=
github.com/mitchellh/go-wordwrap v0.0.0-20150314170334-ad45545899c7 h1:DpOJ2HYzCv8LZP15IdmG+YdwD2luVPHITV96TkirNBM=
github.com/mitchellh/go-wordwrap v0.0.0-20150314170334-ad45545899c7/go.mod h1:ZXFpozHsX6DPmq2I0TCekCxypsnAUbP2oI0UX1GXzOo=
github.com/nsf/termbox-go v0.0.0-20190121233118-02980233997d h1:x3S6kxmy49zXVVyhcnrFqxvNVCBPb2KZ9hV2RBdS840=
github.com/nsf/termbox-go v0.0.0-20190121233118-02980233997d/go.mod h1:IuKpRQcYE1Tfu+oAQqaLisqDeXgjyyltCfsaoYN18NQ=
github.com/nuweba/counter v0.0.0-20190411141351-b62517205c5e h1:/Pv7ndf/89pOgskFQUGBGRdv0qjQtTOvRPxayDEb5Rs=
github.com/nuweba/counter v0.0.0-20190411141351-b62517205c5e/go.mod h1:UNYYJjH1CDokWN/m+WYy40uM1UfPTfeV3h/Xuq1MfTc=
github.com/nuweba/httpbench v0.0.0-20190411141507-0620df11a48f h1:/Iq+5AsRS+qUK9Ko/vNOW2H/d/VIwe299NAjOMzaN2Y=
github.com/nuweba/httpbench v0.0.0-20190411141507-0620df11a48f/go.mod h1:dWvqsKb+gT2VPCQZ6x2zzdpHHZHoaoE2mipWua0+HLc=
github.com/nuweba/semaphore v0.0.0-20190319094739-5f91e06f5ad3 h1:I8pyWqpjthlU9AdzBO0VHxaikYwJVyEWtA4rbFYOwhM=
github.com/nuweba/semaphore v0.0.0-20190319094739-5f91e06f5ad3/go.mod h1:WopuZYv2JgV+ZVmeawUwYAw7rnkji/DHqwYj0PXQ/uE=
github.com/nuweba/sls v0.0.0-20190411141321-bf231afc7566 h1:Cj9Khma7R9BzxKkzIyq97UQZAnj8Eyq56ZIKblY0wcE=
github.com/nuweba/sls v0.0.0-20190411141321-bf231afc7566/go.mod h1:mlja4FYQ5m4ANdz/kCOBnsJayQVMXCTmH9tap4dK7Gk=
github.com/pkg/errors v0.8.1 h1:iURUrRGxPUNPdy5/HRSm+Yj6okJ6UtLINN0Q9M4+h3I=
github.com/pkg/errors v0.8.1/go.mod h1:bwawxfHBFNV+L2hUp1rHADufV3IMtnDRdf1r5NINEl0=
github.com/spf13/cobra v0.0.3 h1:ZlrZ4XsMRm04Fr5pSFxBgfND2EBVa1nLpiy1stUsX/8=
github.com/spf13/cobra v0.0.3/go.mod h1:1l0Ry5zgKvJasoi3XT1TypsSe7PqH0Sj9dhYf7v3XqQ=
github.com/spf13/pflag v1.0.3 h1:zPAT6CGy6wXeQ7NtTnaTerfKOsV6V6F8agHXFiazDkg=
github.com/spf13/pflag v1.0.3/go.mod h1:DYY7MBk1bdzusC3SYhjObp+wFpr4gzcvqqNjLnInEg4=
go.uber.org/atomic v1.3.2 h1:2Oa65PReHzfn29GpvgsYwloV9AVFHPDk8tYxt2c2tr4=
go.uber.org/atomic v1.3.2/go.mod h1:gD2HeocX3+yG+ygLZcrzQJaqmWj9AIm7n08wl/qW/PE=
go.uber.org/multierr v1.1.0 h1:HoEmRHQPVSqub6w2z2d2EOVs2fjyFRGyofhKuyDq0QI=
go.uber.org/multierr v1.1.0/go.mod h1:wR5kodmAFQ0UK8QlbwjlSNy0Z68gJhDJUG5sjR94q/0=
go.uber.org/zap v1.9.1 h1:XCJQEf3W6eZaVwhRBof6ImoYGJSITeKWsyeh3HFu/5o=
go.uber.org/zap v1.9.1/go.mod h1:vwi/ZaCAaUcBkycHslxD9B2zi4UTXhF60s6SWpuDF0Q=
golang.org/x/arch v0.0.0-20181203225421-5a4828bb7045/go.mod h1:cYlCBUl1MsqxdiKgmc4uh7TxZfWSFLOGSRR090WDxt8=
gopkg.in/check.v1 v0.0.0-20161208181325-20d25e280405/go.mod h1:Co6ibVJAznAaIkqp8huTwlJQCZ016jof/cbN4VW5Yz0=
gopkg.in/yaml.v2 v2.2.2 h1:ZCJp+EgiOT7lHqUV2J862kp8Qj64Jo6az82+3Td9dZw=
gopkg.in/yaml.v2 v2.2.2/go.mod h1:hI93XBmqTisBFMUTm0b8Fm+jr3Dg1NNxqwp+5A1VGuI=
