github.com/aws/aws-sdk-go v1.19.23 h1:euoy2X3HKkQUtsRXlC9ZuFruesVfKpsAl1brCTphClM=
github.com/aws/aws-sdk-go v1.19.23/go.mod h1:KmX6BPdI08NWTb3/sm4ZGu5ShLoqVDhKgpiN924inxo=
github.com/cjbassi/drawille-go v0.0.0-20190126131713-27dc511fe6fd h1:XtfPmj9tQRilnrEmI1HjQhxXWRhEM+m8CACtaMJE/kM=
github.com/cjbassi/drawille-go v0.0.0-20190126131713-27dc511fe6fd/go.mod h1:vjcQJUZJYD3MeVGhtZXSMnCHfUNZxsyYzJt90eCYxK4=
github.com/cjbassi/drawille-go v0.1.0 h1:BN63E/DUHclRI+iPOUeP6f+DWRnvUwZxqEkiugjQLRw=
github.com/cjbassi/drawille-go v0.1.0/go.mod h1:vjcQJUZJYD3MeVGhtZXSMnCHfUNZxsyYzJt90eCYxK4=
github.com/davecgh/go-spew v1.1.0 h1:ZDRjVQ15GmhC3fiQ8ni8+OwkZQO4DARzQgrnXU1Liz8=
github.com/davecgh/go-spew v1.1.0/go.mod h1:J7Y8YcW2NihsgmVo/mv3lAwl/skON4iLHjSsI+c5H38=
github.com/disintegration/gift v1.2.0 h1:VMQeei2F+ZtsHjMgP6Sdt1kFjRhs2lGz8ljEOPeIR50=
github.com/disintegration/gift v1.2.0/go.mod h1:Jh2i7f7Q2BM7Ezno3PhfezbR1xpUg9dUg3/RlKGr4HI=
github.com/gizak/termui/v3 v3.0.0 h1:NYTUG6ig/sJK05O5FyhWemwlVPO8ilNpvS/PgRtrKAE=
github.com/gizak/termui/v3 v3.0.0/go.mod h1:uinu2dMdtMI+FTIdEFUJQT5y+KShnhQRshvPblXq3lY=
github.com/inconshreveable/mousetrap v1.0.0 h1:Z8tu5sraLXCXIcARxBp/8cbvlwVa7Z1NHg9XEKhtSvM=
github.com/inconshreveable/mousetrap v1.0.0/go.mod h1:PxqpIevigyE2G7u3NXJIT2ANytuPF1OarO4DADm73n8=
github.com/jmespath/go-jmespath v0.0.0-20180206201540-c2b33e8439af h1:pmfjZENx5imkbgOkpRUYLnmbU7UEFbjtDA2hxJ1ichM=
github.com/jmespath/go-jmespath v0.0.0-20180206201540-c2b33e8439af/go.mod h1:Nht3zPeWKUH0NzdCt2Blrr5ys8VGpn0CEB0cQHVjt7k=
github.com/kr/pretty v0.1.0 h1:L/CwN0zerZDmRFUapSPitk6f+Q3+0za1rQkzVuMiMFI=
github.com/kr/pretty v0.1.0/go.mod h1:dAy3ld7l9f0ibDNOQOHHMYYIIbhfbHSm3C4ZsoJORNo=
github.com/kr/pty v1.1.1/go.mod h1:pFQYn66WHrOpPYNljwOMqo10TkYh1fy3cYio2l3bCsQ=
github.com/kr/text v0.1.0 h1:45sCR5RtlFHMR4UwH9sdQ5TC8v0qDQCHnXt+kaKSTVE=
github.com/kr/text v0.1.0/go.mod h1:4Jbv+DJW3UT/LiOwJeYQe1efqtUx/iVham/4vfdArNI=
github.com/mattn/go-runewidth v0.0.2 h1:UnlwIPBGaTZfPQ6T1IGzPI0EkYAQmT9fAEJ/poFC63o=
github.com/mattn/go-runewidth v0.0.2/go.mod h1:LwmH8dsx7+W8Uxz3IHJYH5QSwggIsqBzpuz5H//U1FU=
github.com/mattn/go-runewidth v0.0.4 h1:2BvfKmzob6Bmd4YsL0zygOqfdFnK7GR4QL06Do4/p7Y=
github.com/mattn/go-runewidth v0.0.4/go.mod h1:LwmH8dsx7+W8Uxz3IHJYH5QSwggIsqBzpuz5H//U1FU=
github.com/microcosm-cc/bluemonday v1.0.2 h1:5lPfLTTAvAbtS0VqT+94yOtFnGfUWYyx0+iToC3Os3s=
github.com/microcosm-cc/bluemonday v1.0.2/go.mod h1:iVP4YcDBq+n/5fb23BhYFvIMq/leAFZyRl6bYmGDlGc=
github.com/mitchellh/go-wordwrap v0.0.0-20150314170334-ad45545899c7 h1:DpOJ2HYzCv8LZP15IdmG+YdwD2luVPHITV96TkirNBM=
github.com/mitchellh/go-wordwrap v0.0.0-20150314170334-ad45545899c7/go.mod h1:ZXFpozHsX6DPmq2I0TCekCxypsnAUbP2oI0UX1GXzOo=
github.com/mitchellh/go-wordwrap v1.0.0 h1:6GlHJ/LTGMrIJbwgdqdl2eEH8o+Exx/0m8ir9Gns0u4=
github.com/mitchellh/go-wordwrap v1.0.0/go.mod h1:ZXFpozHsX6DPmq2I0TCekCxypsnAUbP2oI0UX1GXzOo=
github.com/nsf/termbox-go v0.0.0-20190121233118-02980233997d h1:x3S6kxmy49zXVVyhcnrFqxvNVCBPb2KZ9hV2RBdS840=
github.com/nsf/termbox-go v0.0.0-20190121233118-02980233997d/go.mod h1:IuKpRQcYE1Tfu+oAQqaLisqDeXgjyyltCfsaoYN18NQ=
github.com/nsf/termbox-go v0.0.0-20190325093121-288510b9734e h1:Vbib8wJAaMEF9jusI/kMSYMr/LtRzM7+F9MJgt/nH8k=
github.com/nsf/termbox-go v0.0.0-20190325093121-288510b9734e/go.mod h1:IuKpRQcYE1Tfu+oAQqaLisqDeXgjyyltCfsaoYN18NQ=
github.com/nuweba/counter v0.0.0-20190411141351-b62517205c5e h1:/Pv7ndf/89pOgskFQUGBGRdv0qjQtTOvRPxayDEb5Rs=
github.com/nuweba/counter v0.0.0-20190411141351-b62517205c5e/go.mod h1:UNYYJjH1CDokWN/m+WYy40uM1UfPTfeV3h/Xuq1MfTc=
github.com/nuweba/httpbench v0.0.0-20190623104034-b63f370adb5d h1:uD2jgz8pYXvB2e5ZIgUNZoQdt4DnZFev6oTAJUDgQ3E=
github.com/nuweba/httpbench v0.0.0-20190623104034-b63f370adb5d/go.mod h1:RfsPIwMQqT15Sgg3Dbt5jr0WtZFLtccZItBnqcEPu5g=
github.com/nuweba/httpbench v0.0.0-20190624085125-d1bc8cf422fb h1:7LoR3Beo/6wCPwuff3Dblb2W99R3/fdlSFtfCzRaOOA=
github.com/nuweba/httpbench v0.0.0-20190624085125-d1bc8cf422fb/go.mod h1:RfsPIwMQqT15Sgg3Dbt5jr0WtZFLtccZItBnqcEPu5g=
github.com/nuweba/httpbench v0.0.0-20190709143001-78eed9c800c0 h1:UP2J2PzhgZTsJSU1Bj4khJiyCDHLSwoLU6CPQ2qz5/I=
github.com/nuweba/httpbench v0.0.0-20190709143001-78eed9c800c0/go.mod h1:RfsPIwMQqT15Sgg3Dbt5jr0WtZFLtccZItBnqcEPu5g=
github.com/nuweba/httpbench v0.0.0-20190709144652-f1031e5f81df h1:4UIzqSnMGnSRbsb23LeCDJ++5nMu3WTNyzNoPNJ/Z2M=
github.com/nuweba/httpbench v0.0.0-20190709144652-f1031e5f81df/go.mod h1:RfsPIwMQqT15Sgg3Dbt5jr0WtZFLtccZItBnqcEPu5g=
github.com/nuweba/httpbench v0.0.0-20190709151308-58b4f64a9869 h1:ImRGyEKV7rWEDXyXH/XQFJEGiu8EVIkqxfneJuA1k7w=
github.com/nuweba/httpbench v0.0.0-20190709151308-58b4f64a9869/go.mod h1:RfsPIwMQqT15Sgg3Dbt5jr0WtZFLtccZItBnqcEPu5g=
github.com/nuweba/httpbench v0.0.0-20190709152425-80ca3d6f0512 h1:BWVQZgMJVRgdu6noOzs/TmXaL1FC0/uwD2ss81o7q/Q=
github.com/nuweba/httpbench v0.0.0-20190709152425-80ca3d6f0512/go.mod h1:RfsPIwMQqT15Sgg3Dbt5jr0WtZFLtccZItBnqcEPu5g=
github.com/nuweba/httpbench v0.0.0-20190717083923-b4da1bc28170 h1:KjUVEZAK7ZN38W+ImJvAXevHDWlGz1E4c2vZm0BPRgk=
github.com/nuweba/httpbench v0.0.0-20190717083923-b4da1bc28170/go.mod h1:RfsPIwMQqT15Sgg3Dbt5jr0WtZFLtccZItBnqcEPu5g=
github.com/nuweba/semaphore v0.0.0-20190319094739-5f91e06f5ad3 h1:I8pyWqpjthlU9AdzBO0VHxaikYwJVyEWtA4rbFYOwhM=
github.com/nuweba/semaphore v0.0.0-20190319094739-5f91e06f5ad3/go.mod h1:WopuZYv2JgV+ZVmeawUwYAw7rnkji/DHqwYj0PXQ/uE=
github.com/nuweba/sls v0.0.0-20190422092932-d0d1e1dc18b8 h1:SdfA0Jpjl4EiWkK/0a+JwChrQB+MKYcfiTX50SwQiiI=
github.com/nuweba/sls v0.0.0-20190422092932-d0d1e1dc18b8/go.mod h1:Lq72cIMU0GKkJgyMkCf9PW4gz9HdfJG6GF8MWY7w9hg=
github.com/nuweba/sls v0.0.0-20190624081147-7f92a4aa3050 h1:KdwwAQTnU0FbVpJKkbokguqHiJP5Bi1jzpTexoOmxBU=
github.com/nuweba/sls v0.0.0-20190624081147-7f92a4aa3050/go.mod h1:Lq72cIMU0GKkJgyMkCf9PW4gz9HdfJG6GF8MWY7w9hg=
github.com/pkg/errors v0.8.1 h1:iURUrRGxPUNPdy5/HRSm+Yj6okJ6UtLINN0Q9M4+h3I=
github.com/pkg/errors v0.8.1/go.mod h1:bwawxfHBFNV+L2hUp1rHADufV3IMtnDRdf1r5NINEl0=
github.com/pmezard/go-difflib v1.0.0 h1:4DBwDE0NGyQoBHbLQYPwSUPoCMWR5BEzIk/f1lZbAQM=
github.com/pmezard/go-difflib v1.0.0/go.mod h1:iKH77koFhYxTK1pcRnkKkqfTogsbg7gZNVY4sRDYZ/4=
github.com/spf13/cobra v0.0.3 h1:ZlrZ4XsMRm04Fr5pSFxBgfND2EBVa1nLpiy1stUsX/8=
github.com/spf13/cobra v0.0.3/go.mod h1:1l0Ry5zgKvJasoi3XT1TypsSe7PqH0Sj9dhYf7v3XqQ=
github.com/spf13/pflag v1.0.3 h1:zPAT6CGy6wXeQ7NtTnaTerfKOsV6V6F8agHXFiazDkg=
github.com/spf13/pflag v1.0.3/go.mod h1:DYY7MBk1bdzusC3SYhjObp+wFpr4gzcvqqNjLnInEg4=
github.com/stretchr/objx v0.1.0/go.mod h1:HFkY916IF+rwdDfMAkV7OtwuqBVzrE8GR6GFx+wExME=
github.com/stretchr/testify v1.3.0 h1:TivCn/peBQ7UY8ooIcPgZFpTNSz0Q2U6UrFlUfqbe0Q=
github.com/stretchr/testify v1.3.0/go.mod h1:M5WIy9Dh21IEIfnGCwXGc5bZfKNJtfHm1UVUgZn+9EI=
go.uber.org/atomic v1.4.0 h1:cxzIVoETapQEqDhQu3QfnvXAV4AlzcvUCxkVUFw3+EU=
go.uber.org/atomic v1.4.0/go.mod h1:gD2HeocX3+yG+ygLZcrzQJaqmWj9AIm7n08wl/qW/PE=
go.uber.org/multierr v1.1.0 h1:HoEmRHQPVSqub6w2z2d2EOVs2fjyFRGyofhKuyDq0QI=
go.uber.org/multierr v1.1.0/go.mod h1:wR5kodmAFQ0UK8QlbwjlSNy0Z68gJhDJUG5sjR94q/0=
go.uber.org/zap v1.10.0 h1:ORx85nbTijNz8ljznvCMR1ZBIPKFn3jQrag10X2AsuM=
go.uber.org/zap v1.10.0/go.mod h1:vwi/ZaCAaUcBkycHslxD9B2zi4UTXhF60s6SWpuDF0Q=
golang.org/x/arch v0.0.0-20181203225421-5a4828bb7045/go.mod h1:cYlCBUl1MsqxdiKgmc4uh7TxZfWSFLOGSRR090WDxt8=
golang.org/x/crypto v0.0.0-20190308221718-c2843e01d9a2/go.mod h1:djNgcEr1/C05ACkg1iLfiJU5Ep61QUkGW8qpdssI0+w=
golang.org/x/net v0.0.0-20181220203305-927f97764cc3 h1:eH6Eip3UpmR+yM/qI9Ijluzb1bNv/cAU/n+6l8tRSis=
golang.org/x/net v0.0.0-20181220203305-927f97764cc3/go.mod h1:mL1N/T3taQHkDXs73rZJwtUhF3w3ftmwwsq0BUmARs4=
golang.org/x/net v0.0.0-20190502183928-7f726cade0ab h1:9RfW3ktsOZxgo9YNbBAjq1FWzc/igwEcUzZz8IXgSbk=
golang.org/x/net v0.0.0-20190502183928-7f726cade0ab/go.mod h1:t9HGtf8HONx5eT2rtn7q6eTqICYqUVnKs3thJo3Qplg=
golang.org/x/sys v0.0.0-20190215142949-d0b11bdaac8a/go.mod h1:STP8DvDyc/dI5b8T5hshtkjS+E42TnysNCUPdjciGhY=
golang.org/x/text v0.3.0/go.mod h1:NqM8EUOU14njkJ3fqMW+pc6Ldnwhi/IjpwHt7yyuwOQ=
golang.org/x/text v0.3.2 h1:tW2bmiBqwgJj/UpqtC8EpXEZVYOwU0yG4iWbprSVAcs=
golang.org/x/text v0.3.2/go.mod h1:bEr9sfX3Q8Zfm5fL9x+3itogRgK3+ptLWKqgva+5dAk=
golang.org/x/tools v0.0.0-20180917221912-90fa682c2a6e/go.mod h1:n7NCudcB/nEzxVGmLbDWY5pfWTLqBcC2KZ6jyYvM4mQ=
gopkg.in/check.v1 v0.0.0-20161208181325-20d25e280405/go.mod h1:Co6ibVJAznAaIkqp8huTwlJQCZ016jof/cbN4VW5Yz0=
gopkg.in/check.v1 v1.0.0-20180628173108-788fd7840127 h1:qIbj1fsPNlZgppZ+VLlY7N33q108Sa+fhmuc+sWQYwY=
gopkg.in/check.v1 v1.0.0-20180628173108-788fd7840127/go.mod h1:Co6ibVJAznAaIkqp8huTwlJQCZ016jof/cbN4VW5Yz0=
gopkg.in/yaml.v2 v2.2.2 h1:ZCJp+EgiOT7lHqUV2J862kp8Qj64Jo6az82+3Td9dZw=
gopkg.in/yaml.v2 v2.2.2/go.mod h1:hI93XBmqTisBFMUTm0b8Fm+jr3Dg1NNxqwp+5A1VGuI=
